
Microsoft Visual Studio Solution File, Format Version 12.00
# Visual Studio 2013
VisualStudioVersion = 12.0.31101.0
MinimumVisualStudioVersion = 10.0.40219.1
Project("{FAE04EC0-301F-11D3-BF4B-00C04F79EFBC}") = "TableLib", "tablelib\TableLib.csproj", "{FE49A5BD-E91F-43F0-8D2D-FD831F9900F0}"
EndProject
Project("{FAE04EC0-301F-11D3-BF4B-00C04F79EFBC}") = "tablelib_test", "tablelib_test\tablelib_test.csproj", "{BFA86236-EA67-44E2-A6D9-D4E78FAAC286}"
EndProject
Global
	GlobalSection(SolutionConfigurationPlatforms) = preSolution
		Debug|Any CPU = Debug|Any CPU
		Release|Any CPU = Release|Any CPU
	EndGlobalSection
	GlobalSection(ProjectConfigurationPlatforms) = postSolution
		{FE49A5BD-E91F-43F0-8D2D-FD831F9900F0}.Debug|Any CPU.ActiveCfg = Debug|Any CPU
		{FE49A5BD-E91F-43F0-8D2D-FD831F9900F0}.Debug|Any CPU.Build.0 = Debug|Any CPU
		{FE49A5BD-E91F-43F0-8D2D-FD831F9900F0}.Release|Any CPU.ActiveCfg = Release|Any CPU
		{FE49A5BD-E91F-43F0-8D2D-FD831F9900F0}.Release|Any CPU.Build.0 = Release|Any CPU
		{BFA86236-EA67-44E2-A6D9-D4E78FAAC286}.Debug|Any CPU.ActiveCfg = Debug|Any CPU
		{BFA86236-EA67-44E2-A6D9-D4E78FAAC286}.Debug|Any CPU.Build.0 = Debug|Any CPU
		{BFA86236-EA67-44E2-A6D9-D4E78FAAC286}.Release|Any CPU.ActiveCfg = Release|Any CPU
		{BFA86236-EA67-44E2-A6D9-D4E78FAAC286}.Release|Any CPU.Build.0 = Release|Any CPU
	EndGlobalSection
	GlobalSection(SolutionProperties) = preSolution
		HideSolutionNode = FALSE
	EndGlobalSection
EndGlobal
