
Microsoft Visual Studio Solution File, Format Version 12.00
# Visual Studio 2013
VisualStudioVersion = 12.0.40629.0
MinimumVisualStudioVersion = 10.0.40219.1
Project("{FAE04EC0-301F-11D3-BF4B-00C04F79EFBC}") = "TableLib", "tablelib\TableLib.csproj", "{FE49A5BD-E91F-43F0-8D2D-FD831F9900F0}"
EndProject
Project("{FAE04EC0-301F-11D3-BF4B-00C04F79EFBC}") = "tablelib_test", "tablelib_test\tablelib_test.csproj", "{BFA86236-EA67-44E2-A6D9-D4E78FAAC286}"
EndProject
Project("{2150E333-8FDC-42A3-9474-1A3956D46DE8}") = "Examples", "Examples", "{06AA8FD7-BA6A-4AFB-B9BF-BEC874101497}"
EndProject
Project("{FAE04EC0-301F-11D3-BF4B-00C04F79EFBC}") = "TextScan", "TextScan\TextScan.csproj", "{0EAF9217-998E-4C50-90CD-3E586E0625C8}"
EndProject
Project("{2150E333-8FDC-42A3-9474-1A3956D46DE8}") = ".nuget", ".nuget", "{E1FFE545-B2D8-4DB7-88B2-05BB5A0077DB}"
	ProjectSection(SolutionItems) = preProject
		.nuget\packages.config = .nuget\packages.config
	EndProjectSection
EndProject
Global
	GlobalSection(SolutionConfigurationPlatforms) = preSolution
		Debug|Any CPU = Debug|Any CPU
		Release|Any CPU = Release|Any CPU
	EndGlobalSection
	GlobalSection(ProjectConfigurationPlatforms) = postSolution
		{FE49A5BD-E91F-43F0-8D2D-FD831F9900F0}.Debug|Any CPU.ActiveCfg = Debug|Any CPU
		{FE49A5BD-E91F-43F0-8D2D-FD831F9900F0}.Debug|Any CPU.Build.0 = Debug|Any CPU
		{FE49A5BD-E91F-43F0-8D2D-FD831F9900F0}.Release|Any CPU.ActiveCfg = Release|Any CPU
		{FE49A5BD-E91F-43F0-8D2D-FD831F9900F0}.Release|Any CPU.Build.0 = Release|Any CPU
		{BFA86236-EA67-44E2-A6D9-D4E78FAAC286}.Debug|Any CPU.ActiveCfg = Debug|Any CPU
		{BFA86236-EA67-44E2-A6D9-D4E78FAAC286}.Debug|Any CPU.Build.0 = Debug|Any CPU
		{BFA86236-EA67-44E2-A6D9-D4E78FAAC286}.Release|Any CPU.ActiveCfg = Release|Any CPU
		{BFA86236-EA67-44E2-A6D9-D4E78FAAC286}.Release|Any CPU.Build.0 = Release|Any CPU
		{0EAF9217-998E-4C50-90CD-3E586E0625C8}.Debug|Any CPU.ActiveCfg = Debug|Any CPU
		{0EAF9217-998E-4C50-90CD-3E586E0625C8}.Debug|Any CPU.Build.0 = Debug|Any CPU
		{0EAF9217-998E-4C50-90CD-3E586E0625C8}.Release|Any CPU.ActiveCfg = Release|Any CPU
		{0EAF9217-998E-4C50-90CD-3E586E0625C8}.Release|Any CPU.Build.0 = Release|Any CPU
	EndGlobalSection
	GlobalSection(SolutionProperties) = preSolution
		HideSolutionNode = FALSE
	EndGlobalSection
	GlobalSection(NestedProjects) = preSolution
		{0EAF9217-998E-4C50-90CD-3E586E0625C8} = {06AA8FD7-BA6A-4AFB-B9BF-BEC874101497}
	EndGlobalSection
EndGlobal
